
Microsoft Visual Studio Solution File, Format Version 12.00
# Visual Studio 15
VisualStudioVersion = 15.0.28010.2016
MinimumVisualStudioVersion = 10.0.40219.1
Project("{FAE04EC0-301F-11D3-BF4B-00C04F79EFBC}") = "AppTrackerWin", "AppTrackerWin\AppTrackerWin.csproj", "{7114A129-3009-4E77-822A-CBFC2128ECB6}"
EndProject
Global
	GlobalSection(SolutionConfigurationPlatforms) = preSolution
		Debug|Any CPU = Debug|Any CPU
		Release|Any CPU = Release|Any CPU
	EndGlobalSection
	GlobalSection(ProjectConfigurationPlatforms) = postSolution
		{7114A129-3009-4E77-822A-CBFC2128ECB6}.Debug|Any CPU.ActiveCfg = Debug|Any CPU
		{7114A129-3009-4E77-822A-CBFC2128ECB6}.Debug|Any CPU.Build.0 = Debug|Any CPU
		{7114A129-3009-4E77-822A-CBFC2128ECB6}.Release|Any CPU.ActiveCfg = Release|Any CPU
		{7114A129-3009-4E77-822A-CBFC2128ECB6}.Release|Any CPU.Build.0 = Release|Any CPU
	EndGlobalSection
	GlobalSection(SolutionProperties) = preSolution
		HideSolutionNode = FALSE
	EndGlobalSection
	GlobalSection(ExtensibilityGlobals) = postSolution
		SolutionGuid = {175E39B7-6516-45C9-B127-1DE31CCC60A0}
	EndGlobalSection
EndGlobal
